
Microsoft Visual Studio Solution File, Format Version 12.00
# Visual Studio Version 16
VisualStudioVersion = 16.0.31624.102
MinimumVisualStudioVersion = 10.0.40219.1
Project("{FAE04EC0-301F-11D3-BF4B-00C04F79EFBC}") = "class", "Lesson18.09.21\class.csproj", "{FAFDB1A4-3D8C-4C6B-8A70-84F97A768A30}"
EndProject
Project("{FAE04EC0-301F-11D3-BF4B-00C04F79EFBC}") = "home(pdf)", "home(pdf)\home(pdf).csproj", "{AF880BA1-03B8-4EC0-9672-0A359273D0DE}"
EndProject
Project("{FAE04EC0-301F-11D3-BF4B-00C04F79EFBC}") = "labs3", "labs\labs3.csproj", "{E378165F-A74E-4ED6-B737-A0784A4FB11D}"
EndProject
Global
	GlobalSection(SolutionConfigurationPlatforms) = preSolution
		Debug|Any CPU = Debug|Any CPU
		Release|Any CPU = Release|Any CPU
	EndGlobalSection
	GlobalSection(ProjectConfigurationPlatforms) = postSolution
		{FAFDB1A4-3D8C-4C6B-8A70-84F97A768A30}.Debug|Any CPU.ActiveCfg = Debug|Any CPU
		{FAFDB1A4-3D8C-4C6B-8A70-84F97A768A30}.Debug|Any CPU.Build.0 = Debug|Any CPU
		{FAFDB1A4-3D8C-4C6B-8A70-84F97A768A30}.Release|Any CPU.ActiveCfg = Release|Any CPU
		{FAFDB1A4-3D8C-4C6B-8A70-84F97A768A30}.Release|Any CPU.Build.0 = Release|Any CPU
		{AF880BA1-03B8-4EC0-9672-0A359273D0DE}.Debug|Any CPU.ActiveCfg = Debug|Any CPU
		{AF880BA1-03B8-4EC0-9672-0A359273D0DE}.Debug|Any CPU.Build.0 = Debug|Any CPU
		{AF880BA1-03B8-4EC0-9672-0A359273D0DE}.Release|Any CPU.ActiveCfg = Release|Any CPU
		{AF880BA1-03B8-4EC0-9672-0A359273D0DE}.Release|Any CPU.Build.0 = Release|Any CPU
		{E378165F-A74E-4ED6-B737-A0784A4FB11D}.Debug|Any CPU.ActiveCfg = Debug|Any CPU
		{E378165F-A74E-4ED6-B737-A0784A4FB11D}.Debug|Any CPU.Build.0 = Debug|Any CPU
		{E378165F-A74E-4ED6-B737-A0784A4FB11D}.Release|Any CPU.ActiveCfg = Release|Any CPU
		{E378165F-A74E-4ED6-B737-A0784A4FB11D}.Release|Any CPU.Build.0 = Release|Any CPU
	EndGlobalSection
	GlobalSection(SolutionProperties) = preSolution
		HideSolutionNode = FALSE
	EndGlobalSection
	GlobalSection(ExtensibilityGlobals) = postSolution
		SolutionGuid = {9096B912-9757-4352-A13B-7BF024CD98DD}
	EndGlobalSection
EndGlobal
